
Microsoft Visual Studio Solution File, Format Version 12.00
# Visual Studio Version 16
VisualStudioVersion = 25.0.1704.2
MinimumVisualStudioVersion = 10.0.40219.1
Project("{FAE04EC0-301F-11D3-BF4B-00C04F79EFBC}") = "PokemonReviewApp", "PokemonReviewApp\PokemonReviewApp.csproj", "{F9595B88-9A3F-433A-9DAB-F72945DB780C}"
EndProject
Global
	GlobalSection(SolutionConfigurationPlatforms) = preSolution
		Debug|Any CPU = Debug|Any CPU
		Release|Any CPU = Release|Any CPU
	EndGlobalSection
	GlobalSection(ProjectConfigurationPlatforms) = postSolution
		{F9595B88-9A3F-433A-9DAB-F72945DB780C}.Debug|Any CPU.ActiveCfg = Debug|Any CPU
		{F9595B88-9A3F-433A-9DAB-F72945DB780C}.Debug|Any CPU.Build.0 = Debug|Any CPU
		{F9595B88-9A3F-433A-9DAB-F72945DB780C}.Release|Any CPU.ActiveCfg = Release|Any CPU
		{F9595B88-9A3F-433A-9DAB-F72945DB780C}.Release|Any CPU.Build.0 = Release|Any CPU
	EndGlobalSection
	GlobalSection(SolutionProperties) = preSolution
		HideSolutionNode = FALSE
	EndGlobalSection
	GlobalSection(ExtensibilityGlobals) = postSolution
		SolutionGuid = {693C8108-4F5A-4386-944C-789908C1F5DD}
	EndGlobalSection
EndGlobal
